
Microsoft Visual Studio Solution File, Format Version 12.00
# Visual Studio Version 16
VisualStudioVersion = 16.0.32228.343
MinimumVisualStudioVersion = 10.0.40219.1
Project("{FAE04EC0-301F-11D3-BF4B-00C04F79EFBC}") = "ConsoleUI", "ConsoleUI.csproj", "{276822F8-1B98-4255-B320-C63A454FFDDC}"
EndProject
Project("{FAE04EC0-301F-11D3-BF4B-00C04F79EFBC}") = "KütüphaneDemo", "KütüphaneDemo\KütüphaneDemo.csproj", "{9A8A0BD8-C2D5-4FBD-A9D2-171CB016C1C8}"
EndProject
Global
	GlobalSection(SolutionConfigurationPlatforms) = preSolution
		Debug|Any CPU = Debug|Any CPU
		Release|Any CPU = Release|Any CPU
	EndGlobalSection
	GlobalSection(ProjectConfigurationPlatforms) = postSolution
		{276822F8-1B98-4255-B320-C63A454FFDDC}.Debug|Any CPU.ActiveCfg = Debug|Any CPU
		{276822F8-1B98-4255-B320-C63A454FFDDC}.Debug|Any CPU.Build.0 = Debug|Any CPU
		{276822F8-1B98-4255-B320-C63A454FFDDC}.Release|Any CPU.ActiveCfg = Release|Any CPU
		{276822F8-1B98-4255-B320-C63A454FFDDC}.Release|Any CPU.Build.0 = Release|Any CPU
		{9A8A0BD8-C2D5-4FBD-A9D2-171CB016C1C8}.Debug|Any CPU.ActiveCfg = Debug|Any CPU
		{9A8A0BD8-C2D5-4FBD-A9D2-171CB016C1C8}.Debug|Any CPU.Build.0 = Debug|Any CPU
		{9A8A0BD8-C2D5-4FBD-A9D2-171CB016C1C8}.Release|Any CPU.ActiveCfg = Release|Any CPU
		{9A8A0BD8-C2D5-4FBD-A9D2-171CB016C1C8}.Release|Any CPU.Build.0 = Release|Any CPU
	EndGlobalSection
	GlobalSection(SolutionProperties) = preSolution
		HideSolutionNode = FALSE
	EndGlobalSection
	GlobalSection(ExtensibilityGlobals) = postSolution
		SolutionGuid = {541FD092-9750-4829-9207-01D4187035A6}
	EndGlobalSection
EndGlobal
